
Microsoft Visual Studio Solution File, Format Version 12.00
# Visual Studio Version 16
VisualStudioVersion = 16.0.31702.278
MinimumVisualStudioVersion = 10.0.40219.1
Project("{FAE04EC0-301F-11D3-BF4B-00C04F79EFBC}") = "WebApplication8", "WebApplication8\WebApplication8.csproj", "{43B58098-1ADA-4866-A344-50E96D429D59}"
EndProject
Global
	GlobalSection(SolutionConfigurationPlatforms) = preSolution
		Debug|Any CPU = Debug|Any CPU
		Release|Any CPU = Release|Any CPU
	EndGlobalSection
	GlobalSection(ProjectConfigurationPlatforms) = postSolution
		{43B58098-1ADA-4866-A344-50E96D429D59}.Debug|Any CPU.ActiveCfg = Debug|Any CPU
		{43B58098-1ADA-4866-A344-50E96D429D59}.Debug|Any CPU.Build.0 = Debug|Any CPU
		{43B58098-1ADA-4866-A344-50E96D429D59}.Release|Any CPU.ActiveCfg = Release|Any CPU
		{43B58098-1ADA-4866-A344-50E96D429D59}.Release|Any CPU.Build.0 = Release|Any CPU
	EndGlobalSection
	GlobalSection(SolutionProperties) = preSolution
		HideSolutionNode = FALSE
	EndGlobalSection
	GlobalSection(ExtensibilityGlobals) = postSolution
		SolutionGuid = {A5D6B170-0C6E-459D-859E-FE91A8EEF810}
	EndGlobalSection
EndGlobal
